// !$*UTF8*$!
{
	archiveVersion = 1;
	classes = {
	};
	objectVersion = 55;
	objects = {

/* Begin PBXBuildFile section */
		3CACC8A928CA1B8F002A0047 /* AppDelegate.swift in Sources */ = {isa = PBXBuildFile; fileRef = 3CACC8A828CA1B8F002A0047 /* AppDelegate.swift */; };
		3CACC8B228CA1B91002A0047 /* Assets.xcassets in Resources */ = {isa = PBXBuildFile; fileRef = 3CACC8B128CA1B91002A0047 /* Assets.xcassets */; };
		3CACC8B528CA1B91002A0047 /* LaunchScreen.storyboard in Resources */ = {isa = PBXBuildFile; fileRef = 3CACC8B328CA1B91002A0047 /* LaunchScreen.storyboard */; };
		3CACC8C028CA1B91002A0047 /* InfoNewsTests.swift in Sources */ = {isa = PBXBuildFile; fileRef = 3CACC8BF28CA1B91002A0047 /* InfoNewsTests.swift */; };
		3CACC8CA28CA1B91002A0047 /* InfoNewsUITests.swift in Sources */ = {isa = PBXBuildFile; fileRef = 3CACC8C928CA1B91002A0047 /* InfoNewsUITests.swift */; };
		3CACC8CC28CA1B91002A0047 /* InfoNewsUITestsLaunchTests.swift in Sources */ = {isa = PBXBuildFile; fileRef = 3CACC8CB28CA1B91002A0047 /* InfoNewsUITestsLaunchTests.swift */; };
		3CACC8DD28CA1C25002A0047 /* AppCoordinator.swift in Sources */ = {isa = PBXBuildFile; fileRef = 3CACC8DC28CA1C25002A0047 /* AppCoordinator.swift */; };
		3CACC8DF28CA1C4B002A0047 /* CoordinatorProtocols.swift in Sources */ = {isa = PBXBuildFile; fileRef = 3CACC8DE28CA1C4B002A0047 /* CoordinatorProtocols.swift */; };
		3CACC8E128CA1C98002A0047 /* HomeCoordinator.swift in Sources */ = {isa = PBXBuildFile; fileRef = 3CACC8E028CA1C98002A0047 /* HomeCoordinator.swift */; };
/* End PBXBuildFile section */

/* Begin PBXContainerItemProxy section */
		3CACC8BC28CA1B91002A0047 /* PBXContainerItemProxy */ = {
			isa = PBXContainerItemProxy;
			containerPortal = 3CACC89D28CA1B8F002A0047 /* Project object */;
			proxyType = 1;
			remoteGlobalIDString = 3CACC8A428CA1B8F002A0047;
			remoteInfo = InfoNews;
		};
		3CACC8C628CA1B91002A0047 /* PBXContainerItemProxy */ = {
			isa = PBXContainerItemProxy;
			containerPortal = 3CACC89D28CA1B8F002A0047 /* Project object */;
			proxyType = 1;
			remoteGlobalIDString = 3CACC8A428CA1B8F002A0047;
			remoteInfo = InfoNews;
		};
/* End PBXContainerItemProxy section */

/* Begin PBXFileReference section */
		3CACC8A528CA1B8F002A0047 /* InfoNews.app */ = {isa = PBXFileReference; explicitFileType = wrapper.application; includeInIndex = 0; path = InfoNews.app; sourceTree = BUILT_PRODUCTS_DIR; };
		3CACC8A828CA1B8F002A0047 /* AppDelegate.swift */ = {isa = PBXFileReference; lastKnownFileType = sourcecode.swift; path = AppDelegate.swift; sourceTree = "<group>"; };
		3CACC8B128CA1B91002A0047 /* Assets.xcassets */ = {isa = PBXFileReference; lastKnownFileType = folder.assetcatalog; path = Assets.xcassets; sourceTree = "<group>"; };
		3CACC8B428CA1B91002A0047 /* Base */ = {isa = PBXFileReference; lastKnownFileType = file.storyboard; name = Base; path = Base.lproj/LaunchScreen.storyboard; sourceTree = "<group>"; };
		3CACC8B628CA1B91002A0047 /* Info.plist */ = {isa = PBXFileReference; lastKnownFileType = text.plist.xml; path = Info.plist; sourceTree = "<group>"; };
		3CACC8BB28CA1B91002A0047 /* InfoNewsTests.xctest */ = {isa = PBXFileReference; explicitFileType = wrapper.cfbundle; includeInIndex = 0; path = InfoNewsTests.xctest; sourceTree = BUILT_PRODUCTS_DIR; };
		3CACC8BF28CA1B91002A0047 /* InfoNewsTests.swift */ = {isa = PBXFileReference; lastKnownFileType = sourcecode.swift; path = InfoNewsTests.swift; sourceTree = "<group>"; };
		3CACC8C528CA1B91002A0047 /* InfoNewsUITests.xctest */ = {isa = PBXFileReference; explicitFileType = wrapper.cfbundle; includeInIndex = 0; path = InfoNewsUITests.xctest; sourceTree = BUILT_PRODUCTS_DIR; };
		3CACC8C928CA1B91002A0047 /* InfoNewsUITests.swift */ = {isa = PBXFileReference; lastKnownFileType = sourcecode.swift; path = InfoNewsUITests.swift; sourceTree = "<group>"; };
		3CACC8CB28CA1B91002A0047 /* InfoNewsUITestsLaunchTests.swift */ = {isa = PBXFileReference; lastKnownFileType = sourcecode.swift; path = InfoNewsUITestsLaunchTests.swift; sourceTree = "<group>"; };
		3CACC8DC28CA1C25002A0047 /* AppCoordinator.swift */ = {isa = PBXFileReference; lastKnownFileType = sourcecode.swift; path = AppCoordinator.swift; sourceTree = "<group>"; };
		3CACC8DE28CA1C4B002A0047 /* CoordinatorProtocols.swift */ = {isa = PBXFileReference; lastKnownFileType = sourcecode.swift; path = CoordinatorProtocols.swift; sourceTree = "<group>"; };
		3CACC8E028CA1C98002A0047 /* HomeCoordinator.swift */ = {isa = PBXFileReference; lastKnownFileType = sourcecode.swift; path = HomeCoordinator.swift; sourceTree = "<group>"; };
/* End PBXFileReference section */

/* Begin PBXFrameworksBuildPhase section */
		3CACC8A228CA1B8F002A0047 /* Frameworks */ = {
			isa = PBXFrameworksBuildPhase;
			buildActionMask = 2147483647;
			files = (
			);
			runOnlyForDeploymentPostprocessing = 0;
		};
		3CACC8B828CA1B91002A0047 /* Frameworks */ = {
			isa = PBXFrameworksBuildPhase;
			buildActionMask = 2147483647;
			files = (
			);
			runOnlyForDeploymentPostprocessing = 0;
		};
		3CACC8C228CA1B91002A0047 /* Frameworks */ = {
			isa = PBXFrameworksBuildPhase;
			buildActionMask = 2147483647;
			files = (
			);
			runOnlyForDeploymentPostprocessing = 0;
		};
/* End PBXFrameworksBuildPhase section */

/* Begin PBXGroup section */
		3CACC89C28CA1B8F002A0047 = {
			isa = PBXGroup;
			children = (
				3CACC8A728CA1B8F002A0047 /* InfoNews */,
				3CACC8BE28CA1B91002A0047 /* InfoNewsTests */,
				3CACC8C828CA1B91002A0047 /* InfoNewsUITests */,
				3CACC8A628CA1B8F002A0047 /* Products */,
			);
			sourceTree = "<group>";
		};
		3CACC8A628CA1B8F002A0047 /* Products */ = {
			isa = PBXGroup;
			children = (
				3CACC8A528CA1B8F002A0047 /* InfoNews.app */,
				3CACC8BB28CA1B91002A0047 /* InfoNewsTests.xctest */,
				3CACC8C528CA1B91002A0047 /* InfoNewsUITests.xctest */,
			);
			name = Products;
			sourceTree = "<group>";
		};
		3CACC8A728CA1B8F002A0047 /* InfoNews */ = {
			isa = PBXGroup;
			children = (
				3CACC8DB28CA1BF7002A0047 /* Features */,
				3CACC8D828CA1BE6002A0047 /* Coordinator */,
				3CACC8A828CA1B8F002A0047 /* AppDelegate.swift */,
				3CACC8B128CA1B91002A0047 /* Assets.xcassets */,
				3CACC8B328CA1B91002A0047 /* LaunchScreen.storyboard */,
				3CACC8B628CA1B91002A0047 /* Info.plist */,
			);
			path = InfoNews;
			sourceTree = "<group>";
		};
		3CACC8BE28CA1B91002A0047 /* InfoNewsTests */ = {
			isa = PBXGroup;
			children = (
				3CACC8BF28CA1B91002A0047 /* InfoNewsTests.swift */,
			);
			path = InfoNewsTests;
			sourceTree = "<group>";
		};
		3CACC8C828CA1B91002A0047 /* InfoNewsUITests */ = {
			isa = PBXGroup;
			children = (
				3CACC8C928CA1B91002A0047 /* InfoNewsUITests.swift */,
				3CACC8CB28CA1B91002A0047 /* InfoNewsUITestsLaunchTests.swift */,
			);
			path = InfoNewsUITests;
			sourceTree = "<group>";
		};
		3CACC8D828CA1BE6002A0047 /* Coordinator */ = {
			isa = PBXGroup;
			children = (
				3CACC8D928CA1BED002A0047 /* Setup */,
				3CACC8E028CA1C98002A0047 /* HomeCoordinator.swift */,
			);
			path = Coordinator;
			sourceTree = "<group>";
		};
		3CACC8D928CA1BED002A0047 /* Setup */ = {
			isa = PBXGroup;
			children = (
				3CACC8DC28CA1C25002A0047 /* AppCoordinator.swift */,
				3CACC8DE28CA1C4B002A0047 /* CoordinatorProtocols.swift */,
			);
			path = Setup;
			sourceTree = "<group>";
		};
		3CACC8DB28CA1BF7002A0047 /* Features */ = {
			isa = PBXGroup;
			children = (
			);
			path = Features;
			sourceTree = "<group>";
		};
/* End PBXGroup section */

/* Begin PBXNativeTarget section */
		3CACC8A428CA1B8F002A0047 /* InfoNews */ = {
			isa = PBXNativeTarget;
			buildConfigurationList = 3CACC8CF28CA1B91002A0047 /* Build configuration list for PBXNativeTarget "InfoNews" */;
			buildPhases = (
				3CACC8A128CA1B8F002A0047 /* Sources */,
				3CACC8A228CA1B8F002A0047 /* Frameworks */,
				3CACC8A328CA1B8F002A0047 /* Resources */,
			);
			buildRules = (
			);
			dependencies = (
			);
			name = InfoNews;
			productName = InfoNews;
			productReference = 3CACC8A528CA1B8F002A0047 /* InfoNews.app */;
			productType = "com.apple.product-type.application";
		};
		3CACC8BA28CA1B91002A0047 /* InfoNewsTests */ = {
			isa = PBXNativeTarget;
			buildConfigurationList = 3CACC8D228CA1B91002A0047 /* Build configuration list for PBXNativeTarget "InfoNewsTests" */;
			buildPhases = (
				3CACC8B728CA1B91002A0047 /* Sources */,
				3CACC8B828CA1B91002A0047 /* Frameworks */,
				3CACC8B928CA1B91002A0047 /* Resources */,
			);
			buildRules = (
			);
			dependencies = (
				3CACC8BD28CA1B91002A0047 /* PBXTargetDependency */,
			);
			name = InfoNewsTests;
			productName = InfoNewsTests;
			productReference = 3CACC8BB28CA1B91002A0047 /* InfoNewsTests.xctest */;
			productType = "com.apple.product-type.bundle.unit-test";
		};
		3CACC8C428CA1B91002A0047 /* InfoNewsUITests */ = {
			isa = PBXNativeTarget;
			buildConfigurationList = 3CACC8D528CA1B91002A0047 /* Build configuration list for PBXNativeTarget "InfoNewsUITests" */;
			buildPhases = (
				3CACC8C128CA1B91002A0047 /* Sources */,
				3CACC8C228CA1B91002A0047 /* Frameworks */,
				3CACC8C328CA1B91002A0047 /* Resources */,
			);
			buildRules = (
			);
			dependencies = (
				3CACC8C728CA1B91002A0047 /* PBXTargetDependency */,
			);
			name = InfoNewsUITests;
			productName = InfoNewsUITests;
			productReference = 3CACC8C528CA1B91002A0047 /* InfoNewsUITests.xctest */;
			productType = "com.apple.product-type.bundle.ui-testing";
		};
/* End PBXNativeTarget section */

/* Begin PBXProject section */
		3CACC89D28CA1B8F002A0047 /* Project object */ = {
			isa = PBXProject;
			attributes = {
				BuildIndependentTargetsInParallel = 1;
				LastSwiftUpdateCheck = 1340;
				LastUpgradeCheck = 1340;
				TargetAttributes = {
					3CACC8A428CA1B8F002A0047 = {
						CreatedOnToolsVersion = 13.4.1;
					};
					3CACC8BA28CA1B91002A0047 = {
						CreatedOnToolsVersion = 13.4.1;
						TestTargetID = 3CACC8A428CA1B8F002A0047;
					};
					3CACC8C428CA1B91002A0047 = {
						CreatedOnToolsVersion = 13.4.1;
						TestTargetID = 3CACC8A428CA1B8F002A0047;
					};
				};
			};
			buildConfigurationList = 3CACC8A028CA1B8F002A0047 /* Build configuration list for PBXProject "InfoNews" */;
			compatibilityVersion = "Xcode 13.0";
			developmentRegion = en;
			hasScannedForEncodings = 0;
			knownRegions = (
				en,
				Base,
			);
			mainGroup = 3CACC89C28CA1B8F002A0047;
			productRefGroup = 3CACC8A628CA1B8F002A0047 /* Products */;
			projectDirPath = "";
			projectRoot = "";
			targets = (
				3CACC8A428CA1B8F002A0047 /* InfoNews */,
				3CACC8BA28CA1B91002A0047 /* InfoNewsTests */,
				3CACC8C428CA1B91002A0047 /* InfoNewsUITests */,
			);
		};
/* End PBXProject section */

/* Begin PBXResourcesBuildPhase section */
		3CACC8A328CA1B8F002A0047 /* Resources */ = {
			isa = PBXResourcesBuildPhase;
			buildActionMask = 2147483647;
			files = (
				3CACC8B528CA1B91002A0047 /* LaunchScreen.storyboard in Resources */,
				3CACC8B228CA1B91002A0047 /* Assets.xcassets in Resources */,
			);
			runOnlyForDeploymentPostprocessing = 0;
		};
		3CACC8B928CA1B91002A0047 /* Resources */ = {
			isa = PBXResourcesBuildPhase;
			buildActionMask = 2147483647;
			files = (
			);
			runOnlyForDeploymentPostprocessing = 0;
		};
		3CACC8C328CA1B91002A0047 /* Resources */ = {
			isa = PBXResourcesBuildPhase;
			buildActionMask = 2147483647;
			files = (
			);
			runOnlyForDeploymentPostprocessing = 0;
		};
/* End PBXResourcesBuildPhase section */

/* Begin PBXSourcesBuildPhase section */
		3CACC8A128CA1B8F002A0047 /* Sources */ = {
			isa = PBXSourcesBuildPhase;
			buildActionMask = 2147483647;
			files = (
				3CACC8DF28CA1C4B002A0047 /* CoordinatorProtocols.swift in Sources */,
				3CACC8E128CA1C98002A0047 /* HomeCoordinator.swift in Sources */,
				3CACC8DD28CA1C25002A0047 /* AppCoordinator.swift in Sources */,
				3CACC8A928CA1B8F002A0047 /* AppDelegate.swift in Sources */,
			);
			runOnlyForDeploymentPostprocessing = 0;
		};
		3CACC8B728CA1B91002A0047 /* Sources */ = {
			isa = PBXSourcesBuildPhase;
			buildActionMask = 2147483647;
			files = (
				3CACC8C028CA1B91002A0047 /* InfoNewsTests.swift in Sources */,
			);
			runOnlyForDeploymentPostprocessing = 0;
		};
		3CACC8C128CA1B91002A0047 /* Sources */ = {
			isa = PBXSourcesBuildPhase;
			buildActionMask = 2147483647;
			files = (
				3CACC8CC28CA1B91002A0047 /* InfoNewsUITestsLaunchTests.swift in Sources */,
				3CACC8CA28CA1B91002A0047 /* InfoNewsUITests.swift in Sources */,
			);
			runOnlyForDeploymentPostprocessing = 0;
		};
/* End PBXSourcesBuildPhase section */

/* Begin PBXTargetDependency section */
		3CACC8BD28CA1B91002A0047 /* PBXTargetDependency */ = {
			isa = PBXTargetDependency;
			target = 3CACC8A428CA1B8F002A0047 /* InfoNews */;
			targetProxy = 3CACC8BC28CA1B91002A0047 /* PBXContainerItemProxy */;
		};
		3CACC8C728CA1B91002A0047 /* PBXTargetDependency */ = {
			isa = PBXTargetDependency;
			target = 3CACC8A428CA1B8F002A0047 /* InfoNews */;
			targetProxy = 3CACC8C628CA1B91002A0047 /* PBXContainerItemProxy */;
		};
/* End PBXTargetDependency section */

/* Begin PBXVariantGroup section */
		3CACC8B328CA1B91002A0047 /* LaunchScreen.storyboard */ = {
			isa = PBXVariantGroup;
			children = (
				3CACC8B428CA1B91002A0047 /* Base */,
			);
			name = LaunchScreen.storyboard;
			sourceTree = "<group>";
		};
/* End PBXVariantGroup section */

/* Begin XCBuildConfiguration section */
		3CACC8CD28CA1B91002A0047 /* Debug */ = {
			isa = XCBuildConfiguration;
			buildSettings = {
				ALWAYS_SEARCH_USER_PATHS = NO;
				CLANG_ANALYZER_NONNULL = YES;
				CLANG_ANALYZER_NUMBER_OBJECT_CONVERSION = YES_AGGRESSIVE;
				CLANG_CXX_LANGUAGE_STANDARD = "gnu++17";
				CLANG_ENABLE_MODULES = YES;
				CLANG_ENABLE_OBJC_ARC = YES;
				CLANG_ENABLE_OBJC_WEAK = YES;
				CLANG_WARN_BLOCK_CAPTURE_AUTORELEASING = YES;
				CLANG_WARN_BOOL_CONVERSION = YES;
				CLANG_WARN_COMMA = YES;
				CLANG_WARN_CONSTANT_CONVERSION = YES;
				CLANG_WARN_DEPRECATED_OBJC_IMPLEMENTATIONS = YES;
				CLANG_WARN_DIRECT_OBJC_ISA_USAGE = YES_ERROR;
				CLANG_WARN_DOCUMENTATION_COMMENTS = YES;
				CLANG_WARN_EMPTY_BODY = YES;
				CLANG_WARN_ENUM_CONVERSION = YES;
				CLANG_WARN_INFINITE_RECURSION = YES;
				CLANG_WARN_INT_CONVERSION = YES;
				CLANG_WARN_NON_LITERAL_NULL_CONVERSION = YES;
				CLANG_WARN_OBJC_IMPLICIT_RETAIN_SELF = YES;
				CLANG_WARN_OBJC_LITERAL_CONVERSION = YES;
				CLANG_WARN_OBJC_ROOT_CLASS = YES_ERROR;
				CLANG_WARN_QUOTED_INCLUDE_IN_FRAMEWORK_HEADER = YES;
				CLANG_WARN_RANGE_LOOP_ANALYSIS = YES;
				CLANG_WARN_STRICT_PROTOTYPES = YES;
				CLANG_WARN_SUSPICIOUS_MOVE = YES;
				CLANG_WARN_UNGUARDED_AVAILABILITY = YES_AGGRESSIVE;
				CLANG_WARN_UNREACHABLE_CODE = YES;
				CLANG_WARN__DUPLICATE_METHOD_MATCH = YES;
				COPY_PHASE_STRIP = NO;
				DEBUG_INFORMATION_FORMAT = dwarf;
				ENABLE_STRICT_OBJC_MSGSEND = YES;
				ENABLE_TESTABILITY = YES;
				GCC_C_LANGUAGE_STANDARD = gnu11;
				GCC_DYNAMIC_NO_PIC = NO;
				GCC_NO_COMMON_BLOCKS = YES;
				GCC_OPTIMIZATION_LEVEL = 0;
				GCC_PREPROCESSOR_DEFINITIONS = (
					"DEBUG=1",
					"$(inherited)",
				);
				GCC_WARN_64_TO_32_BIT_CONVERSION = YES;
				GCC_WARN_ABOUT_RETURN_TYPE = YES_ERROR;
				GCC_WARN_UNDECLARED_SELECTOR = YES;
				GCC_WARN_UNINITIALIZED_AUTOS = YES_AGGRESSIVE;
				GCC_WARN_UNUSED_FUNCTION = YES;
				GCC_WARN_UNUSED_VARIABLE = YES;
				IPHONEOS_DEPLOYMENT_TARGET = 15.5;
				MTL_ENABLE_DEBUG_INFO = INCLUDE_SOURCE;
				MTL_FAST_MATH = YES;
				ONLY_ACTIVE_ARCH = YES;
				SDKROOT = iphoneos;
				SWIFT_ACTIVE_COMPILATION_CONDITIONS = DEBUG;
				SWIFT_OPTIMIZATION_LEVEL = "-Onone";
			};
			name = Debug;
		};
		3CACC8CE28CA1B91002A0047 /* Release */ = {
			isa = XCBuildConfiguration;
			buildSettings = {
				ALWAYS_SEARCH_USER_PATHS = NO;
				CLANG_ANALYZER_NONNULL = YES;
				CLANG_ANALYZER_NUMBER_OBJECT_CONVERSION = YES_AGGRESSIVE;
				CLANG_CXX_LANGUAGE_STANDARD = "gnu++17";
				CLANG_ENABLE_MODULES = YES;
				CLANG_ENABLE_OBJC_ARC = YES;
				CLANG_ENABLE_OBJC_WEAK = YES;
				CLANG_WARN_BLOCK_CAPTURE_AUTORELEASING = YES;
				CLANG_WARN_BOOL_CONVERSION = YES;
				CLANG_WARN_COMMA = YES;
				CLANG_WARN_CONSTANT_CONVERSION = YES;
				CLANG_WARN_DEPRECATED_OBJC_IMPLEMENTATIONS = YES;
				CLANG_WARN_DIRECT_OBJC_ISA_USAGE = YES_ERROR;
				CLANG_WARN_DOCUMENTATION_COMMENTS = YES;
				CLANG_WARN_EMPTY_BODY = YES;
				CLANG_WARN_ENUM_CONVERSION = YES;
				CLANG_WARN_INFINITE_RECURSION = YES;
				CLANG_WARN_INT_CONVERSION = YES;
				CLANG_WARN_NON_LITERAL_NULL_CONVERSION = YES;
				CLANG_WARN_OBJC_IMPLICIT_RETAIN_SELF = YES;
				CLANG_WARN_OBJC_LITERAL_CONVERSION = YES;
				CLANG_WARN_OBJC_ROOT_CLASS = YES_ERROR;
				CLANG_WARN_QUOTED_INCLUDE_IN_FRAMEWORK_HEADER = YES;
				CLANG_WARN_RANGE_LOOP_ANALYSIS = YES;
				CLANG_WARN_STRICT_PROTOTYPES = YES;
				CLANG_WARN_SUSPICIOUS_MOVE = YES;
				CLANG_WARN_UNGUARDED_AVAILABILITY = YES_AGGRESSIVE;
				CLANG_WARN_UNREACHABLE_CODE = YES;
				CLANG_WARN__DUPLICATE_METHOD_MATCH = YES;
				COPY_PHASE_STRIP = NO;
				DEBUG_INFORMATION_FORMAT = "dwarf-with-dsym";
				ENABLE_NS_ASSERTIONS = NO;
				ENABLE_STRICT_OBJC_MSGSEND = YES;
				GCC_C_LANGUAGE_STANDARD = gnu11;
				GCC_NO_COMMON_BLOCKS = YES;
				GCC_WARN_64_TO_32_BIT_CONVERSION = YES;
				GCC_WARN_ABOUT_RETURN_TYPE = YES_ERROR;
				GCC_WARN_UNDECLARED_SELECTOR = YES;
				GCC_WARN_UNINITIALIZED_AUTOS = YES_AGGRESSIVE;
				GCC_WARN_UNUSED_FUNCTION = YES;
				GCC_WARN_UNUSED_VARIABLE = YES;
				IPHONEOS_DEPLOYMENT_TARGET = 15.5;
				MTL_ENABLE_DEBUG_INFO = NO;
				MTL_FAST_MATH = YES;
				SDKROOT = iphoneos;
				SWIFT_COMPILATION_MODE = wholemodule;
				SWIFT_OPTIMIZATION_LEVEL = "-O";
				VALIDATE_PRODUCT = YES;
			};
			name = Release;
		};
		3CACC8D028CA1B91002A0047 /* Debug */ = {
			isa = XCBuildConfiguration;
			buildSettings = {
				ASSETCATALOG_COMPILER_APPICON_NAME = AppIcon;
				ASSETCATALOG_COMPILER_GLOBAL_ACCENT_COLOR_NAME = AccentColor;
				CODE_SIGN_STYLE = Automatic;
				CURRENT_PROJECT_VERSION = 1;
				DEVELOPMENT_TEAM = 77PUJX2KMA;
				GENERATE_INFOPLIST_FILE = YES;
				INFOPLIST_FILE = InfoNews/Info.plist;
				INFOPLIST_KEY_UIApplicationSupportsIndirectInputEvents = YES;
				INFOPLIST_KEY_UILaunchStoryboardName = LaunchScreen;
				INFOPLIST_KEY_UISupportedInterfaceOrientations_iPad = "UIInterfaceOrientationPortrait UIInterfaceOrientationPortraitUpsideDown UIInterfaceOrientationLandscapeLeft UIInterfaceOrientationLandscapeRight";
				INFOPLIST_KEY_UISupportedInterfaceOrientations_iPhone = "UIInterfaceOrientationPortrait UIInterfaceOrientationLandscapeLeft UIInterfaceOrientationLandscapeRight";
				LD_RUNPATH_SEARCH_PATHS = (
					"$(inherited)",
					"@executable_path/Frameworks",
				);
				MARKETING_VERSION = 1.0;
				PRODUCT_BUNDLE_IDENTIFIER = com.vinicius.InfoNews;
				PRODUCT_NAME = "$(TARGET_NAME)";
				SWIFT_EMIT_LOC_STRINGS = YES;
				SWIFT_VERSION = 5.0;
				TARGETED_DEVICE_FAMILY = "1,2";
			};
			name = Debug;
		};
		3CACC8D128CA1B91002A0047 /* Release */ = {
			isa = XCBuildConfiguration;
			buildSettings = {
				ASSETCATALOG_COMPILER_APPICON_NAME = AppIcon;
				ASSETCATALOG_COMPILER_GLOBAL_ACCENT_COLOR_NAME = AccentColor;
				CODE_SIGN_STYLE = Automatic;
				CURRENT_PROJECT_VERSION = 1;
				DEVELOPMENT_TEAM = 77PUJX2KMA;
				GENERATE_INFOPLIST_FILE = YES;
				INFOPLIST_FILE = InfoNews/Info.plist;
				INFOPLIST_KEY_UIApplicationSupportsIndirectInputEvents = YES;
				INFOPLIST_KEY_UILaunchStoryboardName = LaunchScreen;
				INFOPLIST_KEY_UISupportedInterfaceOrientations_iPad = "UIInterfaceOrientationPortrait UIInterfaceOrientationPortraitUpsideDown UIInterfaceOrientationLandscapeLeft UIInterfaceOrientationLandscapeRight";
				INFOPLIST_KEY_UISupportedInterfaceOrientations_iPhone = "UIInterfaceOrientationPortrait UIInterfaceOrientationLandscapeLeft UIInterfaceOrientationLandscapeRight";
				LD_RUNPATH_SEARCH_PATHS = (
					"$(inherited)",
					"@executable_path/Frameworks",
				);
				MARKETING_VERSION = 1.0;
				PRODUCT_BUNDLE_IDENTIFIER = com.vinicius.InfoNews;
				PRODUCT_NAME = "$(TARGET_NAME)";
				SWIFT_EMIT_LOC_STRINGS = YES;
				SWIFT_VERSION = 5.0;
				TARGETED_DEVICE_FAMILY = "1,2";
			};
			name = Release;
		};
		3CACC8D328CA1B91002A0047 /* Debug */ = {
			isa = XCBuildConfiguration;
			buildSettings = {
				ALWAYS_EMBED_SWIFT_STANDARD_LIBRARIES = YES;
				BUNDLE_LOADER = "$(TEST_HOST)";
				CODE_SIGN_STYLE = Automatic;
				CURRENT_PROJECT_VERSION = 1;
				DEVELOPMENT_TEAM = 77PUJX2KMA;
				GENERATE_INFOPLIST_FILE = YES;
				IPHONEOS_DEPLOYMENT_TARGET = 15.5;
				MARKETING_VERSION = 1.0;
				PRODUCT_BUNDLE_IDENTIFIER = com.vinicius.InfoNewsTests;
				PRODUCT_NAME = "$(TARGET_NAME)";
				SWIFT_EMIT_LOC_STRINGS = NO;
				SWIFT_VERSION = 5.0;
				TARGETED_DEVICE_FAMILY = "1,2";
				TEST_HOST = "$(BUILT_PRODUCTS_DIR)/InfoNews.app/InfoNews";
			};
			name = Debug;
		};
		3CACC8D428CA1B91002A0047 /* Release */ = {
			isa = XCBuildConfiguration;
			buildSettings = {
				ALWAYS_EMBED_SWIFT_STANDARD_LIBRARIES = YES;
				BUNDLE_LOADER = "$(TEST_HOST)";
				CODE_SIGN_STYLE = Automatic;
				CURRENT_PROJECT_VERSION = 1;
				DEVELOPMENT_TEAM = 77PUJX2KMA;
				GENERATE_INFOPLIST_FILE = YES;
				IPHONEOS_DEPLOYMENT_TARGET = 15.5;
				MARKETING_VERSION = 1.0;
				PRODUCT_BUNDLE_IDENTIFIER = com.vinicius.InfoNewsTests;
				PRODUCT_NAME = "$(TARGET_NAME)";
				SWIFT_EMIT_LOC_STRINGS = NO;
				SWIFT_VERSION = 5.0;
				TARGETED_DEVICE_FAMILY = "1,2";
				TEST_HOST = "$(BUILT_PRODUCTS_DIR)/InfoNews.app/InfoNews";
			};
			name = Release;
		};
		3CACC8D628CA1B91002A0047 /* Debug */ = {
			isa = XCBuildConfiguration;
			buildSettings = {
				ALWAYS_EMBED_SWIFT_STANDARD_LIBRARIES = YES;
				CODE_SIGN_STYLE = Automatic;
				CURRENT_PROJECT_VERSION = 1;
				DEVELOPMENT_TEAM = 77PUJX2KMA;
				GENERATE_INFOPLIST_FILE = YES;
				MARKETING_VERSION = 1.0;
				PRODUCT_BUNDLE_IDENTIFIER = com.vinicius.InfoNewsUITests;
				PRODUCT_NAME = "$(TARGET_NAME)";
				SWIFT_EMIT_LOC_STRINGS = NO;
				SWIFT_VERSION = 5.0;
				TARGETED_DEVICE_FAMILY = "1,2";
				TEST_TARGET_NAME = InfoNews;
			};
			name = Debug;
		};
		3CACC8D728CA1B91002A0047 /* Release */ = {
			isa = XCBuildConfiguration;
			buildSettings = {
				ALWAYS_EMBED_SWIFT_STANDARD_LIBRARIES = YES;
				CODE_SIGN_STYLE = Automatic;
				CURRENT_PROJECT_VERSION = 1;
				DEVELOPMENT_TEAM = 77PUJX2KMA;
				GENERATE_INFOPLIST_FILE = YES;
				MARKETING_VERSION = 1.0;
				PRODUCT_BUNDLE_IDENTIFIER = com.vinicius.InfoNewsUITests;
				PRODUCT_NAME = "$(TARGET_NAME)";
				SWIFT_EMIT_LOC_STRINGS = NO;
				SWIFT_VERSION = 5.0;
				TARGETED_DEVICE_FAMILY = "1,2";
				TEST_TARGET_NAME = InfoNews;
			};
			name = Release;
		};
/* End XCBuildConfiguration section */

/* Begin XCConfigurationList section */
		3CACC8A028CA1B8F002A0047 /* Build configuration list for PBXProject "InfoNews" */ = {
			isa = XCConfigurationList;
			buildConfigurations = (
				3CACC8CD28CA1B91002A0047 /* Debug */,
				3CACC8CE28CA1B91002A0047 /* Release */,
			);
			defaultConfigurationIsVisible = 0;
			defaultConfigurationName = Release;
		};
		3CACC8CF28CA1B91002A0047 /* Build configuration list for PBXNativeTarget "InfoNews" */ = {
			isa = XCConfigurationList;
			buildConfigurations = (
				3CACC8D028CA1B91002A0047 /* Debug */,
				3CACC8D128CA1B91002A0047 /* Release */,
			);
			defaultConfigurationIsVisible = 0;
			defaultConfigurationName = Release;
		};
		3CACC8D228CA1B91002A0047 /* Build configuration list for PBXNativeTarget "InfoNewsTests" */ = {
			isa = XCConfigurationList;
			buildConfigurations = (
				3CACC8D328CA1B91002A0047 /* Debug */,
				3CACC8D428CA1B91002A0047 /* Release */,
			);
			defaultConfigurationIsVisible = 0;
			defaultConfigurationName = Release;
		};
		3CACC8D528CA1B91002A0047 /* Build configuration list for PBXNativeTarget "InfoNewsUITests" */ = {
			isa = XCConfigurationList;
			buildConfigurations = (
				3CACC8D628CA1B91002A0047 /* Debug */,
				3CACC8D728CA1B91002A0047 /* Release */,
			);
			defaultConfigurationIsVisible = 0;
			defaultConfigurationName = Release;
		};
/* End XCConfigurationList section */
	};
	rootObject = 3CACC89D28CA1B8F002A0047 /* Project object */;
}
